
Microsoft Visual Studio Solution File, Format Version 12.00
# Visual Studio 15
VisualStudioVersion = 15.0.26730.10
MinimumVisualStudioVersion = 10.0.40219.1

Project("{6EC3EE1D-3C4E-46DD-8F32-0CC8E7565705}") = "Fabtester", "Fabtester\Fabtester.fsproj", "{B7E97E3C-C500-45E7-8AA7-1213B5295644}"
EndProject





Project("{F2A71F9B-5D33-465A-A702-920D77279786}") = "Fabtester.WPF", "Fabtester.WPF\Fabtester.WPF.fsproj", "{8B2EB66A-E4CA-4E4D-ABA8-83BF97543672}"
EndProject


Global
	GlobalSection(SolutionConfigurationPlatforms) = preSolution
		Ad-Hoc|Any CPU = Ad-Hoc|Any CPU
		Ad-Hoc|ARM = Ad-Hoc|ARM
		Ad-Hoc|iPhone = Ad-Hoc|iPhone
		Ad-Hoc|iPhoneSimulator = Ad-Hoc|iPhoneSimulator
		Ad-Hoc|x64 = Ad-Hoc|x64
		Ad-Hoc|x86 = Ad-Hoc|x86
		AppStore|Any CPU = AppStore|Any CPU
		AppStore|ARM = AppStore|ARM
		AppStore|iPhone = AppStore|iPhone
		AppStore|iPhoneSimulator = AppStore|iPhoneSimulator
		AppStore|x64 = AppStore|x64
		AppStore|x86 = AppStore|x86
		Debug|Any CPU = Debug|Any CPU
		Debug|ARM = Debug|ARM
		Debug|iPhone = Debug|iPhone
		Debug|iPhoneSimulator = Debug|iPhoneSimulator
		Debug|x64 = Debug|x64
		Debug|x86 = Debug|x86
		Release|Any CPU = Release|Any CPU
		Release|ARM = Release|ARM
		Release|iPhone = Release|iPhone
		Release|iPhoneSimulator = Release|iPhoneSimulator
		Release|x64 = Release|x64
		Release|x86 = Release|x86
	EndGlobalSection
	GlobalSection(ProjectConfigurationPlatforms) = postSolution
		{B7E97E3C-C500-45E7-8AA7-1213B5295644}.Ad-Hoc|Any CPU.ActiveCfg = Debug|Any CPU
		{B7E97E3C-C500-45E7-8AA7-1213B5295644}.Ad-Hoc|Any CPU.Build.0 = Debug|Any CPU
		{B7E97E3C-C500-45E7-8AA7-1213B5295644}.Ad-Hoc|ARM.ActiveCfg = Debug|Any CPU
		{B7E97E3C-C500-45E7-8AA7-1213B5295644}.Ad-Hoc|ARM.Build.0 = Debug|Any CPU
		{B7E97E3C-C500-45E7-8AA7-1213B5295644}.Ad-Hoc|iPhone.ActiveCfg = Debug|Any CPU
		{B7E97E3C-C500-45E7-8AA7-1213B5295644}.Ad-Hoc|iPhone.Build.0 = Debug|Any CPU
		{B7E97E3C-C500-45E7-8AA7-1213B5295644}.Ad-Hoc|iPhoneSimulator.ActiveCfg = Debug|Any CPU
		{B7E97E3C-C500-45E7-8AA7-1213B5295644}.Ad-Hoc|iPhoneSimulator.Build.0 = Debug|Any CPU
		{B7E97E3C-C500-45E7-8AA7-1213B5295644}.Ad-Hoc|x64.ActiveCfg = Debug|Any CPU
		{B7E97E3C-C500-45E7-8AA7-1213B5295644}.Ad-Hoc|x64.Build.0 = Debug|Any CPU
		{B7E97E3C-C500-45E7-8AA7-1213B5295644}.Ad-Hoc|x86.ActiveCfg = Debug|Any CPU
		{B7E97E3C-C500-45E7-8AA7-1213B5295644}.Ad-Hoc|x86.Build.0 = Debug|Any CPU
		{B7E97E3C-C500-45E7-8AA7-1213B5295644}.AppStore|Any CPU.ActiveCfg = Debug|Any CPU
		{B7E97E3C-C500-45E7-8AA7-1213B5295644}.AppStore|Any CPU.Build.0 = Debug|Any CPU
		{B7E97E3C-C500-45E7-8AA7-1213B5295644}.AppStore|ARM.ActiveCfg = Debug|Any CPU
		{B7E97E3C-C500-45E7-8AA7-1213B5295644}.AppStore|ARM.Build.0 = Debug|Any CPU
		{B7E97E3C-C500-45E7-8AA7-1213B5295644}.AppStore|iPhone.ActiveCfg = Debug|Any CPU
		{B7E97E3C-C500-45E7-8AA7-1213B5295644}.AppStore|iPhone.Build.0 = Debug|Any CPU
		{B7E97E3C-C500-45E7-8AA7-1213B5295644}.AppStore|iPhoneSimulator.ActiveCfg = Debug|Any CPU
		{B7E97E3C-C500-45E7-8AA7-1213B5295644}.AppStore|iPhoneSimulator.Build.0 = Debug|Any CPU
		{B7E97E3C-C500-45E7-8AA7-1213B5295644}.AppStore|x64.ActiveCfg = Debug|Any CPU
		{B7E97E3C-C500-45E7-8AA7-1213B5295644}.AppStore|x64.Build.0 = Debug|Any CPU
		{B7E97E3C-C500-45E7-8AA7-1213B5295644}.AppStore|x86.ActiveCfg = Debug|Any CPU
		{B7E97E3C-C500-45E7-8AA7-1213B5295644}.AppStore|x86.Build.0 = Debug|Any CPU
		{B7E97E3C-C500-45E7-8AA7-1213B5295644}.Debug|Any CPU.ActiveCfg = Debug|Any CPU
		{B7E97E3C-C500-45E7-8AA7-1213B5295644}.Debug|Any CPU.Build.0 = Debug|Any CPU
		{B7E97E3C-C500-45E7-8AA7-1213B5295644}.Debug|ARM.ActiveCfg = Debug|Any CPU
		{B7E97E3C-C500-45E7-8AA7-1213B5295644}.Debug|ARM.Build.0 = Debug|Any CPU
		{B7E97E3C-C500-45E7-8AA7-1213B5295644}.Debug|iPhone.ActiveCfg = Debug|Any CPU
		{B7E97E3C-C500-45E7-8AA7-1213B5295644}.Debug|iPhone.Build.0 = Debug|Any CPU
		{B7E97E3C-C500-45E7-8AA7-1213B5295644}.Debug|iPhoneSimulator.ActiveCfg = Debug|Any CPU
		{B7E97E3C-C500-45E7-8AA7-1213B5295644}.Debug|iPhoneSimulator.Build.0 = Debug|Any CPU
		{B7E97E3C-C500-45E7-8AA7-1213B5295644}.Debug|x64.ActiveCfg = Debug|Any CPU
		{B7E97E3C-C500-45E7-8AA7-1213B5295644}.Debug|x64.Build.0 = Debug|Any CPU
		{B7E97E3C-C500-45E7-8AA7-1213B5295644}.Debug|x86.ActiveCfg = Debug|Any CPU
		{B7E97E3C-C500-45E7-8AA7-1213B5295644}.Debug|x86.Build.0 = Debug|Any CPU
		{B7E97E3C-C500-45E7-8AA7-1213B5295644}.Release|Any CPU.ActiveCfg = Release|Any CPU
		{B7E97E3C-C500-45E7-8AA7-1213B5295644}.Release|Any CPU.Build.0 = Release|Any CPU
		{B7E97E3C-C500-45E7-8AA7-1213B5295644}.Release|ARM.ActiveCfg = Release|Any CPU
		{B7E97E3C-C500-45E7-8AA7-1213B5295644}.Release|ARM.Build.0 = Release|Any CPU
		{B7E97E3C-C500-45E7-8AA7-1213B5295644}.Release|iPhone.ActiveCfg = Release|Any CPU
		{B7E97E3C-C500-45E7-8AA7-1213B5295644}.Release|iPhone.Build.0 = Release|Any CPU
		{B7E97E3C-C500-45E7-8AA7-1213B5295644}.Release|iPhoneSimulator.ActiveCfg = Release|Any CPU
		{B7E97E3C-C500-45E7-8AA7-1213B5295644}.Release|iPhoneSimulator.Build.0 = Release|Any CPU
		{B7E97E3C-C500-45E7-8AA7-1213B5295644}.Release|x64.ActiveCfg = Release|Any CPU
		{B7E97E3C-C500-45E7-8AA7-1213B5295644}.Release|x64.Build.0 = Release|Any CPU
		{B7E97E3C-C500-45E7-8AA7-1213B5295644}.Release|x86.ActiveCfg = Release|Any CPU
		{B7E97E3C-C500-45E7-8AA7-1213B5295644}.Release|x86.Build.0 = Release|Any CPU
		{ECD3E461-B9B8-4855-BE70-06841E60751C}.Ad-Hoc|Any CPU.ActiveCfg = Ad-Hoc|iPhone
		{ECD3E461-B9B8-4855-BE70-06841E60751C}.Ad-Hoc|ARM.ActiveCfg = Ad-Hoc|iPhone
		{ECD3E461-B9B8-4855-BE70-06841E60751C}.Ad-Hoc|iPhone.ActiveCfg = Ad-Hoc|iPhone
		{ECD3E461-B9B8-4855-BE70-06841E60751C}.Ad-Hoc|iPhone.Build.0 = Ad-Hoc|iPhone
		{ECD3E461-B9B8-4855-BE70-06841E60751C}.Ad-Hoc|iPhoneSimulator.ActiveCfg = Ad-Hoc|iPhoneSimulator
		{ECD3E461-B9B8-4855-BE70-06841E60751C}.Ad-Hoc|iPhoneSimulator.Build.0 = Ad-Hoc|iPhoneSimulator
		{ECD3E461-B9B8-4855-BE70-06841E60751C}.Ad-Hoc|x64.ActiveCfg = Ad-Hoc|iPhone
		{ECD3E461-B9B8-4855-BE70-06841E60751C}.Ad-Hoc|x86.ActiveCfg = Ad-Hoc|iPhone
		{ECD3E461-B9B8-4855-BE70-06841E60751C}.AppStore|Any CPU.ActiveCfg = AppStore|iPhone
		{ECD3E461-B9B8-4855-BE70-06841E60751C}.AppStore|ARM.ActiveCfg = AppStore|iPhone
		{ECD3E461-B9B8-4855-BE70-06841E60751C}.AppStore|iPhone.ActiveCfg = AppStore|iPhone
		{ECD3E461-B9B8-4855-BE70-06841E60751C}.AppStore|iPhone.Build.0 = AppStore|iPhone
		{ECD3E461-B9B8-4855-BE70-06841E60751C}.AppStore|iPhoneSimulator.ActiveCfg = AppStore|iPhoneSimulator
		{ECD3E461-B9B8-4855-BE70-06841E60751C}.AppStore|iPhoneSimulator.Build.0 = AppStore|iPhoneSimulator
		{ECD3E461-B9B8-4855-BE70-06841E60751C}.AppStore|x64.ActiveCfg = AppStore|iPhone
		{ECD3E461-B9B8-4855-BE70-06841E60751C}.AppStore|x86.ActiveCfg = AppStore|iPhone
		{ECD3E461-B9B8-4855-BE70-06841E60751C}.Debug|Any CPU.ActiveCfg = Debug|iPhone
		{ECD3E461-B9B8-4855-BE70-06841E60751C}.Debug|ARM.ActiveCfg = Debug|iPhone
		{ECD3E461-B9B8-4855-BE70-06841E60751C}.Debug|iPhone.ActiveCfg = Debug|iPhone
		{ECD3E461-B9B8-4855-BE70-06841E60751C}.Debug|iPhone.Build.0 = Debug|iPhone
		{ECD3E461-B9B8-4855-BE70-06841E60751C}.Debug|iPhoneSimulator.ActiveCfg = Debug|iPhoneSimulator
		{ECD3E461-B9B8-4855-BE70-06841E60751C}.Debug|iPhoneSimulator.Build.0 = Debug|iPhoneSimulator
		{ECD3E461-B9B8-4855-BE70-06841E60751C}.Debug|x64.ActiveCfg = Debug|iPhone
		{ECD3E461-B9B8-4855-BE70-06841E60751C}.Debug|x86.ActiveCfg = Debug|iPhone
		{ECD3E461-B9B8-4855-BE70-06841E60751C}.Release|Any CPU.ActiveCfg = Release|iPhone
		{ECD3E461-B9B8-4855-BE70-06841E60751C}.Release|ARM.ActiveCfg = Release|iPhone
		{ECD3E461-B9B8-4855-BE70-06841E60751C}.Release|iPhone.ActiveCfg = Release|iPhone
		{ECD3E461-B9B8-4855-BE70-06841E60751C}.Release|iPhone.Build.0 = Release|iPhone
		{ECD3E461-B9B8-4855-BE70-06841E60751C}.Release|iPhoneSimulator.ActiveCfg = Release|iPhoneSimulator
		{ECD3E461-B9B8-4855-BE70-06841E60751C}.Release|iPhoneSimulator.Build.0 = Release|iPhoneSimulator
		{ECD3E461-B9B8-4855-BE70-06841E60751C}.Release|x64.ActiveCfg = Release|iPhone
		{ECD3E461-B9B8-4855-BE70-06841E60751C}.Release|x86.ActiveCfg = Release|iPhone
		{48F5B17C-88E8-4A12-863B-F4D51C1B973B}.Ad-Hoc|Any CPU.ActiveCfg = Release|x86
		{48F5B17C-88E8-4A12-863B-F4D51C1B973B}.Ad-Hoc|Any CPU.Build.0 = Release|x86
		{48F5B17C-88E8-4A12-863B-F4D51C1B973B}.Ad-Hoc|Any CPU.Deploy.0 = Release|x86
		{48F5B17C-88E8-4A12-863B-F4D51C1B973B}.Ad-Hoc|ARM.ActiveCfg = Release|ARM
		{48F5B17C-88E8-4A12-863B-F4D51C1B973B}.Ad-Hoc|ARM.Build.0 = Release|ARM
		{48F5B17C-88E8-4A12-863B-F4D51C1B973B}.Ad-Hoc|ARM.Deploy.0 = Release|ARM
		{48F5B17C-88E8-4A12-863B-F4D51C1B973B}.Ad-Hoc|iPhone.ActiveCfg = Release|x86
		{48F5B17C-88E8-4A12-863B-F4D51C1B973B}.Ad-Hoc|iPhone.Build.0 = Release|x86
		{48F5B17C-88E8-4A12-863B-F4D51C1B973B}.Ad-Hoc|iPhone.Deploy.0 = Release|x86
		{48F5B17C-88E8-4A12-863B-F4D51C1B973B}.Ad-Hoc|iPhoneSimulator.ActiveCfg = Release|x86
		{48F5B17C-88E8-4A12-863B-F4D51C1B973B}.Ad-Hoc|iPhoneSimulator.Build.0 = Release|x86
		{48F5B17C-88E8-4A12-863B-F4D51C1B973B}.Ad-Hoc|iPhoneSimulator.Deploy.0 = Release|x86
		{48F5B17C-88E8-4A12-863B-F4D51C1B973B}.Ad-Hoc|x64.ActiveCfg = Release|x64
		{48F5B17C-88E8-4A12-863B-F4D51C1B973B}.Ad-Hoc|x64.Build.0 = Release|x64
		{48F5B17C-88E8-4A12-863B-F4D51C1B973B}.Ad-Hoc|x64.Deploy.0 = Release|x64
		{48F5B17C-88E8-4A12-863B-F4D51C1B973B}.Ad-Hoc|x86.ActiveCfg = Release|x86
		{48F5B17C-88E8-4A12-863B-F4D51C1B973B}.Ad-Hoc|x86.Build.0 = Release|x86
		{48F5B17C-88E8-4A12-863B-F4D51C1B973B}.Ad-Hoc|x86.Deploy.0 = Release|x86
		{48F5B17C-88E8-4A12-863B-F4D51C1B973B}.AppStore|Any CPU.ActiveCfg = Release|x86
		{48F5B17C-88E8-4A12-863B-F4D51C1B973B}.AppStore|Any CPU.Build.0 = Release|x86
		{48F5B17C-88E8-4A12-863B-F4D51C1B973B}.AppStore|Any CPU.Deploy.0 = Release|x86
		{48F5B17C-88E8-4A12-863B-F4D51C1B973B}.AppStore|ARM.ActiveCfg = Release|ARM
		{48F5B17C-88E8-4A12-863B-F4D51C1B973B}.AppStore|ARM.Build.0 = Release|ARM
		{48F5B17C-88E8-4A12-863B-F4D51C1B973B}.AppStore|ARM.Deploy.0 = Release|ARM
		{48F5B17C-88E8-4A12-863B-F4D51C1B973B}.AppStore|iPhone.ActiveCfg = Release|x86
		{48F5B17C-88E8-4A12-863B-F4D51C1B973B}.AppStore|iPhone.Build.0 = Release|x86
		{48F5B17C-88E8-4A12-863B-F4D51C1B973B}.AppStore|iPhone.Deploy.0 = Release|x86
		{48F5B17C-88E8-4A12-863B-F4D51C1B973B}.AppStore|iPhoneSimulator.ActiveCfg = Release|x86
		{48F5B17C-88E8-4A12-863B-F4D51C1B973B}.AppStore|iPhoneSimulator.Build.0 = Release|x86
		{48F5B17C-88E8-4A12-863B-F4D51C1B973B}.AppStore|iPhoneSimulator.Deploy.0 = Release|x86
		{48F5B17C-88E8-4A12-863B-F4D51C1B973B}.AppStore|x64.ActiveCfg = Release|x64
		{48F5B17C-88E8-4A12-863B-F4D51C1B973B}.AppStore|x64.Build.0 = Release|x64
		{48F5B17C-88E8-4A12-863B-F4D51C1B973B}.AppStore|x64.Deploy.0 = Release|x64
		{48F5B17C-88E8-4A12-863B-F4D51C1B973B}.AppStore|x86.ActiveCfg = Release|x86
		{48F5B17C-88E8-4A12-863B-F4D51C1B973B}.AppStore|x86.Build.0 = Release|x86
		{48F5B17C-88E8-4A12-863B-F4D51C1B973B}.AppStore|x86.Deploy.0 = Release|x86
		{48F5B17C-88E8-4A12-863B-F4D51C1B973B}.Debug|Any CPU.ActiveCfg = Debug|x86
		{48F5B17C-88E8-4A12-863B-F4D51C1B973B}.Debug|ARM.ActiveCfg = Debug|ARM
		{48F5B17C-88E8-4A12-863B-F4D51C1B973B}.Debug|ARM.Build.0 = Debug|ARM
		{48F5B17C-88E8-4A12-863B-F4D51C1B973B}.Debug|ARM.Deploy.0 = Debug|ARM
		{48F5B17C-88E8-4A12-863B-F4D51C1B973B}.Debug|iPhone.ActiveCfg = Debug|x86
		{48F5B17C-88E8-4A12-863B-F4D51C1B973B}.Debug|iPhoneSimulator.ActiveCfg = Debug|x86
		{48F5B17C-88E8-4A12-863B-F4D51C1B973B}.Debug|x64.ActiveCfg = Debug|x64
		{48F5B17C-88E8-4A12-863B-F4D51C1B973B}.Debug|x64.Build.0 = Debug|x64
		{48F5B17C-88E8-4A12-863B-F4D51C1B973B}.Debug|x64.Deploy.0 = Debug|x64
		{48F5B17C-88E8-4A12-863B-F4D51C1B973B}.Debug|x86.ActiveCfg = Debug|x86
		{48F5B17C-88E8-4A12-863B-F4D51C1B973B}.Debug|x86.Build.0 = Debug|x86
		{48F5B17C-88E8-4A12-863B-F4D51C1B973B}.Debug|x86.Deploy.0 = Debug|x86
		{48F5B17C-88E8-4A12-863B-F4D51C1B973B}.Release|Any CPU.ActiveCfg = Release|x86
		{48F5B17C-88E8-4A12-863B-F4D51C1B973B}.Release|ARM.ActiveCfg = Release|ARM
		{48F5B17C-88E8-4A12-863B-F4D51C1B973B}.Release|ARM.Build.0 = Release|ARM
		{48F5B17C-88E8-4A12-863B-F4D51C1B973B}.Release|ARM.Deploy.0 = Release|ARM
		{48F5B17C-88E8-4A12-863B-F4D51C1B973B}.Release|iPhone.ActiveCfg = Release|x86
		{48F5B17C-88E8-4A12-863B-F4D51C1B973B}.Release|iPhoneSimulator.ActiveCfg = Release|x86
		{48F5B17C-88E8-4A12-863B-F4D51C1B973B}.Release|x64.ActiveCfg = Release|x64
		{48F5B17C-88E8-4A12-863B-F4D51C1B973B}.Release|x64.Build.0 = Release|x64
		{48F5B17C-88E8-4A12-863B-F4D51C1B973B}.Release|x64.Deploy.0 = Release|x64
		{48F5B17C-88E8-4A12-863B-F4D51C1B973B}.Release|x86.ActiveCfg = Release|x86
		{48F5B17C-88E8-4A12-863B-F4D51C1B973B}.Release|x86.Build.0 = Release|x86
		{48F5B17C-88E8-4A12-863B-F4D51C1B973B}.Release|x86.Deploy.0 = Release|x86
		{921A5A9F-F31B-4DF4-8090-AAFED8053D55}.Ad-Hoc|Any CPU.ActiveCfg = Release|Any CPU
		{921A5A9F-F31B-4DF4-8090-AAFED8053D55}.Ad-Hoc|Any CPU.Build.0 = Release|Any CPU
		{921A5A9F-F31B-4DF4-8090-AAFED8053D55}.Ad-Hoc|ARM.ActiveCfg = Release|Any CPU
		{921A5A9F-F31B-4DF4-8090-AAFED8053D55}.Ad-Hoc|ARM.Build.0 = Release|Any CPU
		{921A5A9F-F31B-4DF4-8090-AAFED8053D55}.Ad-Hoc|iPhone.ActiveCfg = Release|Any CPU
		{921A5A9F-F31B-4DF4-8090-AAFED8053D55}.Ad-Hoc|iPhone.Build.0 = Release|Any CPU
		{921A5A9F-F31B-4DF4-8090-AAFED8053D55}.Ad-Hoc|iPhoneSimulator.ActiveCfg = Release|Any CPU
		{921A5A9F-F31B-4DF4-8090-AAFED8053D55}.Ad-Hoc|iPhoneSimulator.Build.0 = Release|Any CPU
		{921A5A9F-F31B-4DF4-8090-AAFED8053D55}.Ad-Hoc|x64.ActiveCfg = Release|Any CPU
		{921A5A9F-F31B-4DF4-8090-AAFED8053D55}.Ad-Hoc|x64.Build.0 = Release|Any CPU
		{921A5A9F-F31B-4DF4-8090-AAFED8053D55}.Ad-Hoc|x86.ActiveCfg = Release|Any CPU
		{921A5A9F-F31B-4DF4-8090-AAFED8053D55}.Ad-Hoc|x86.Build.0 = Release|Any CPU
		{921A5A9F-F31B-4DF4-8090-AAFED8053D55}.AppStore|Any CPU.ActiveCfg = Release|Any CPU
		{921A5A9F-F31B-4DF4-8090-AAFED8053D55}.AppStore|Any CPU.Build.0 = Release|Any CPU
		{921A5A9F-F31B-4DF4-8090-AAFED8053D55}.AppStore|ARM.ActiveCfg = Release|Any CPU
		{921A5A9F-F31B-4DF4-8090-AAFED8053D55}.AppStore|ARM.Build.0 = Release|Any CPU
		{921A5A9F-F31B-4DF4-8090-AAFED8053D55}.AppStore|iPhone.ActiveCfg = Release|Any CPU
		{921A5A9F-F31B-4DF4-8090-AAFED8053D55}.AppStore|iPhone.Build.0 = Release|Any CPU
		{921A5A9F-F31B-4DF4-8090-AAFED8053D55}.AppStore|iPhoneSimulator.ActiveCfg = Release|Any CPU
		{921A5A9F-F31B-4DF4-8090-AAFED8053D55}.AppStore|iPhoneSimulator.Build.0 = Release|Any CPU
		{921A5A9F-F31B-4DF4-8090-AAFED8053D55}.AppStore|x64.ActiveCfg = Release|Any CPU
		{921A5A9F-F31B-4DF4-8090-AAFED8053D55}.AppStore|x64.Build.0 = Release|Any CPU
		{921A5A9F-F31B-4DF4-8090-AAFED8053D55}.AppStore|x86.ActiveCfg = Release|Any CPU
		{921A5A9F-F31B-4DF4-8090-AAFED8053D55}.AppStore|x86.Build.0 = Release|Any CPU
		{921A5A9F-F31B-4DF4-8090-AAFED8053D55}.Debug|Any CPU.ActiveCfg = Debug|Any CPU
		{921A5A9F-F31B-4DF4-8090-AAFED8053D55}.Debug|Any CPU.Build.0 = Debug|Any CPU
		{921A5A9F-F31B-4DF4-8090-AAFED8053D55}.Debug|ARM.ActiveCfg = Debug|Any CPU
		{921A5A9F-F31B-4DF4-8090-AAFED8053D55}.Debug|ARM.Build.0 = Debug|Any CPU
		{921A5A9F-F31B-4DF4-8090-AAFED8053D55}.Debug|iPhone.ActiveCfg = Debug|Any CPU
		{921A5A9F-F31B-4DF4-8090-AAFED8053D55}.Debug|iPhone.Build.0 = Debug|Any CPU
		{921A5A9F-F31B-4DF4-8090-AAFED8053D55}.Debug|iPhoneSimulator.ActiveCfg = Debug|Any CPU
		{921A5A9F-F31B-4DF4-8090-AAFED8053D55}.Debug|iPhoneSimulator.Build.0 = Debug|Any CPU
		{921A5A9F-F31B-4DF4-8090-AAFED8053D55}.Debug|x64.ActiveCfg = Debug|Any CPU
		{921A5A9F-F31B-4DF4-8090-AAFED8053D55}.Debug|x64.Build.0 = Debug|Any CPU
		{921A5A9F-F31B-4DF4-8090-AAFED8053D55}.Debug|x86.ActiveCfg = Debug|Any CPU
		{921A5A9F-F31B-4DF4-8090-AAFED8053D55}.Debug|x86.Build.0 = Debug|Any CPU
		{921A5A9F-F31B-4DF4-8090-AAFED8053D55}.Release|Any CPU.ActiveCfg = Release|Any CPU
		{921A5A9F-F31B-4DF4-8090-AAFED8053D55}.Release|Any CPU.Build.0 = Release|Any CPU
		{921A5A9F-F31B-4DF4-8090-AAFED8053D55}.Release|ARM.ActiveCfg = Release|Any CPU
		{921A5A9F-F31B-4DF4-8090-AAFED8053D55}.Release|ARM.Build.0 = Release|Any CPU
		{921A5A9F-F31B-4DF4-8090-AAFED8053D55}.Release|iPhone.ActiveCfg = Release|Any CPU
		{921A5A9F-F31B-4DF4-8090-AAFED8053D55}.Release|iPhone.Build.0 = Release|Any CPU
		{921A5A9F-F31B-4DF4-8090-AAFED8053D55}.Release|iPhoneSimulator.ActiveCfg = Release|Any CPU
		{921A5A9F-F31B-4DF4-8090-AAFED8053D55}.Release|iPhoneSimulator.Build.0 = Release|Any CPU
		{921A5A9F-F31B-4DF4-8090-AAFED8053D55}.Release|x64.ActiveCfg = Release|Any CPU
		{921A5A9F-F31B-4DF4-8090-AAFED8053D55}.Release|x64.Build.0 = Release|Any CPU
		{921A5A9F-F31B-4DF4-8090-AAFED8053D55}.Release|x86.ActiveCfg = Release|Any CPU
		{921A5A9F-F31B-4DF4-8090-AAFED8053D55}.Release|x86.Build.0 = Release|Any CPU
		{8B2EB66A-E4CA-4E4D-ABA8-83BF97543672}.Ad-Hoc|Any CPU.ActiveCfg = Release|Any CPU
		{8B2EB66A-E4CA-4E4D-ABA8-83BF97543672}.Ad-Hoc|Any CPU.Build.0 = Release|Any CPU
		{8B2EB66A-E4CA-4E4D-ABA8-83BF97543672}.Ad-Hoc|ARM.ActiveCfg = Release|Any CPU
		{8B2EB66A-E4CA-4E4D-ABA8-83BF97543672}.Ad-Hoc|ARM.Build.0 = Release|Any CPU
		{8B2EB66A-E4CA-4E4D-ABA8-83BF97543672}.Ad-Hoc|iPhone.ActiveCfg = Release|Any CPU
		{8B2EB66A-E4CA-4E4D-ABA8-83BF97543672}.Ad-Hoc|iPhone.Build.0 = Release|Any CPU
		{8B2EB66A-E4CA-4E4D-ABA8-83BF97543672}.Ad-Hoc|iPhoneSimulator.ActiveCfg = Release|Any CPU
		{8B2EB66A-E4CA-4E4D-ABA8-83BF97543672}.Ad-Hoc|iPhoneSimulator.Build.0 = Release|Any CPU
		{8B2EB66A-E4CA-4E4D-ABA8-83BF97543672}.Ad-Hoc|x64.ActiveCfg = Release|Any CPU
		{8B2EB66A-E4CA-4E4D-ABA8-83BF97543672}.Ad-Hoc|x64.Build.0 = Release|Any CPU
		{8B2EB66A-E4CA-4E4D-ABA8-83BF97543672}.Ad-Hoc|x86.ActiveCfg = Release|Any CPU
		{8B2EB66A-E4CA-4E4D-ABA8-83BF97543672}.Ad-Hoc|x86.Build.0 = Release|Any CPU
		{8B2EB66A-E4CA-4E4D-ABA8-83BF97543672}.AppStore|Any CPU.ActiveCfg = Release|Any CPU
		{8B2EB66A-E4CA-4E4D-ABA8-83BF97543672}.AppStore|Any CPU.Build.0 = Release|Any CPU
		{8B2EB66A-E4CA-4E4D-ABA8-83BF97543672}.AppStore|ARM.ActiveCfg = Release|Any CPU
		{8B2EB66A-E4CA-4E4D-ABA8-83BF97543672}.AppStore|ARM.Build.0 = Release|Any CPU
		{8B2EB66A-E4CA-4E4D-ABA8-83BF97543672}.AppStore|iPhone.ActiveCfg = Release|Any CPU
		{8B2EB66A-E4CA-4E4D-ABA8-83BF97543672}.AppStore|iPhone.Build.0 = Release|Any CPU
		{8B2EB66A-E4CA-4E4D-ABA8-83BF97543672}.AppStore|iPhoneSimulator.ActiveCfg = Release|Any CPU
		{8B2EB66A-E4CA-4E4D-ABA8-83BF97543672}.AppStore|iPhoneSimulator.Build.0 = Release|Any CPU
		{8B2EB66A-E4CA-4E4D-ABA8-83BF97543672}.AppStore|x64.ActiveCfg = Release|Any CPU
		{8B2EB66A-E4CA-4E4D-ABA8-83BF97543672}.AppStore|x64.Build.0 = Release|Any CPU
		{8B2EB66A-E4CA-4E4D-ABA8-83BF97543672}.AppStore|x86.ActiveCfg = Release|Any CPU
		{8B2EB66A-E4CA-4E4D-ABA8-83BF97543672}.AppStore|x86.Build.0 = Release|Any CPU
		{8B2EB66A-E4CA-4E4D-ABA8-83BF97543672}.Debug|Any CPU.ActiveCfg = Debug|Any CPU
		{8B2EB66A-E4CA-4E4D-ABA8-83BF97543672}.Debug|Any CPU.Build.0 = Debug|Any CPU
		{8B2EB66A-E4CA-4E4D-ABA8-83BF97543672}.Debug|ARM.ActiveCfg = Debug|Any CPU
		{8B2EB66A-E4CA-4E4D-ABA8-83BF97543672}.Debug|ARM.Build.0 = Debug|Any CPU
		{8B2EB66A-E4CA-4E4D-ABA8-83BF97543672}.Debug|iPhone.ActiveCfg = Debug|Any CPU
		{8B2EB66A-E4CA-4E4D-ABA8-83BF97543672}.Debug|iPhone.Build.0 = Debug|Any CPU
		{8B2EB66A-E4CA-4E4D-ABA8-83BF97543672}.Debug|iPhoneSimulator.ActiveCfg = Debug|Any CPU
		{8B2EB66A-E4CA-4E4D-ABA8-83BF97543672}.Debug|iPhoneSimulator.Build.0 = Debug|Any CPU
		{8B2EB66A-E4CA-4E4D-ABA8-83BF97543672}.Debug|x64.ActiveCfg = Debug|Any CPU
		{8B2EB66A-E4CA-4E4D-ABA8-83BF97543672}.Debug|x64.Build.0 = Debug|Any CPU
		{8B2EB66A-E4CA-4E4D-ABA8-83BF97543672}.Debug|x86.ActiveCfg = Debug|Any CPU
		{8B2EB66A-E4CA-4E4D-ABA8-83BF97543672}.Debug|x86.Build.0 = Debug|Any CPU
		{8B2EB66A-E4CA-4E4D-ABA8-83BF97543672}.Release|Any CPU.ActiveCfg = Release|Any CPU
		{8B2EB66A-E4CA-4E4D-ABA8-83BF97543672}.Release|Any CPU.Build.0 = Release|Any CPU
		{8B2EB66A-E4CA-4E4D-ABA8-83BF97543672}.Release|ARM.ActiveCfg = Release|Any CPU
		{8B2EB66A-E4CA-4E4D-ABA8-83BF97543672}.Release|ARM.Build.0 = Release|Any CPU
		{8B2EB66A-E4CA-4E4D-ABA8-83BF97543672}.Release|iPhone.ActiveCfg = Release|Any CPU
		{8B2EB66A-E4CA-4E4D-ABA8-83BF97543672}.Release|iPhone.Build.0 = Release|Any CPU
		{8B2EB66A-E4CA-4E4D-ABA8-83BF97543672}.Release|iPhoneSimulator.ActiveCfg = Release|Any CPU
		{8B2EB66A-E4CA-4E4D-ABA8-83BF97543672}.Release|iPhoneSimulator.Build.0 = Release|Any CPU
		{8B2EB66A-E4CA-4E4D-ABA8-83BF97543672}.Release|x64.ActiveCfg = Release|Any CPU
		{8B2EB66A-E4CA-4E4D-ABA8-83BF97543672}.Release|x64.Build.0 = Release|Any CPU
		{8B2EB66A-E4CA-4E4D-ABA8-83BF97543672}.Release|x86.ActiveCfg = Release|Any CPU
		{8B2EB66A-E4CA-4E4D-ABA8-83BF97543672}.Release|x86.Build.0 = Release|Any CPU
		{B02656AE-C976-4F33-B64A-640FD5363358}.Ad-Hoc|Any CPU.ActiveCfg = Release|Any CPU
		{B02656AE-C976-4F33-B64A-640FD5363358}.Ad-Hoc|Any CPU.Build.0 = Release|Any CPU
		{B02656AE-C976-4F33-B64A-640FD5363358}.Ad-Hoc|ARM.ActiveCfg = Release|Any CPU
		{B02656AE-C976-4F33-B64A-640FD5363358}.Ad-Hoc|ARM.Build.0 = Release|Any CPU
		{B02656AE-C976-4F33-B64A-640FD5363358}.Ad-Hoc|iPhone.ActiveCfg = Release|Any CPU
		{B02656AE-C976-4F33-B64A-640FD5363358}.Ad-Hoc|iPhone.Build.0 = Release|Any CPU
		{B02656AE-C976-4F33-B64A-640FD5363358}.Ad-Hoc|iPhoneSimulator.ActiveCfg = Release|Any CPU
		{B02656AE-C976-4F33-B64A-640FD5363358}.Ad-Hoc|iPhoneSimulator.Build.0 = Release|Any CPU
		{B02656AE-C976-4F33-B64A-640FD5363358}.Ad-Hoc|x64.ActiveCfg = Release|Any CPU
		{B02656AE-C976-4F33-B64A-640FD5363358}.Ad-Hoc|x64.Build.0 = Release|Any CPU
		{B02656AE-C976-4F33-B64A-640FD5363358}.Ad-Hoc|x86.ActiveCfg = Release|Any CPU
		{B02656AE-C976-4F33-B64A-640FD5363358}.Ad-Hoc|x86.Build.0 = Release|Any CPU
		{B02656AE-C976-4F33-B64A-640FD5363358}.AppStore|Any CPU.ActiveCfg = Release|Any CPU
		{B02656AE-C976-4F33-B64A-640FD5363358}.AppStore|Any CPU.Build.0 = Release|Any CPU
		{B02656AE-C976-4F33-B64A-640FD5363358}.AppStore|ARM.ActiveCfg = Release|Any CPU
		{B02656AE-C976-4F33-B64A-640FD5363358}.AppStore|ARM.Build.0 = Release|Any CPU
		{B02656AE-C976-4F33-B64A-640FD5363358}.AppStore|iPhone.ActiveCfg = Release|Any CPU
		{B02656AE-C976-4F33-B64A-640FD5363358}.AppStore|iPhone.Build.0 = Release|Any CPU
		{B02656AE-C976-4F33-B64A-640FD5363358}.AppStore|iPhoneSimulator.ActiveCfg = Release|Any CPU
		{B02656AE-C976-4F33-B64A-640FD5363358}.AppStore|iPhoneSimulator.Build.0 = Release|Any CPU
		{B02656AE-C976-4F33-B64A-640FD5363358}.AppStore|x64.ActiveCfg = Release|Any CPU
		{B02656AE-C976-4F33-B64A-640FD5363358}.AppStore|x64.Build.0 = Release|Any CPU
		{B02656AE-C976-4F33-B64A-640FD5363358}.AppStore|x86.ActiveCfg = Release|Any CPU
		{B02656AE-C976-4F33-B64A-640FD5363358}.AppStore|x86.Build.0 = Release|Any CPU
		{B02656AE-C976-4F33-B64A-640FD5363358}.Debug|Any CPU.ActiveCfg = Debug|Any CPU
		{B02656AE-C976-4F33-B64A-640FD5363358}.Debug|Any CPU.Build.0 = Debug|Any CPU
		{B02656AE-C976-4F33-B64A-640FD5363358}.Debug|Any CPU.Deploy.0 = Debug|Any CPU
		{B02656AE-C976-4F33-B64A-640FD5363358}.Debug|ARM.ActiveCfg = Debug|Any CPU
		{B02656AE-C976-4F33-B64A-640FD5363358}.Debug|ARM.Build.0 = Debug|Any CPU
		{B02656AE-C976-4F33-B64A-640FD5363358}.Debug|iPhone.ActiveCfg = Debug|Any CPU
		{B02656AE-C976-4F33-B64A-640FD5363358}.Debug|iPhone.Build.0 = Debug|Any CPU
		{B02656AE-C976-4F33-B64A-640FD5363358}.Debug|iPhoneSimulator.ActiveCfg = Debug|Any CPU
		{B02656AE-C976-4F33-B64A-640FD5363358}.Debug|iPhoneSimulator.Build.0 = Debug|Any CPU
		{B02656AE-C976-4F33-B64A-640FD5363358}.Debug|x64.ActiveCfg = Debug|Any CPU
		{B02656AE-C976-4F33-B64A-640FD5363358}.Debug|x64.Build.0 = Debug|Any CPU
		{B02656AE-C976-4F33-B64A-640FD5363358}.Debug|x86.ActiveCfg = Debug|Any CPU
		{B02656AE-C976-4F33-B64A-640FD5363358}.Debug|x86.Build.0 = Debug|Any CPU
		{B02656AE-C976-4F33-B64A-640FD5363358}.Release|Any CPU.ActiveCfg = Release|Any CPU
		{B02656AE-C976-4F33-B64A-640FD5363358}.Release|Any CPU.Build.0 = Release|Any CPU
		{B02656AE-C976-4F33-B64A-640FD5363358}.Release|Any CPU.Deploy.0 = Release|Any CPU
		{B02656AE-C976-4F33-B64A-640FD5363358}.Release|ARM.ActiveCfg = Release|Any CPU
		{B02656AE-C976-4F33-B64A-640FD5363358}.Release|ARM.Build.0 = Release|Any CPU
		{B02656AE-C976-4F33-B64A-640FD5363358}.Release|iPhone.ActiveCfg = Release|Any CPU
		{B02656AE-C976-4F33-B64A-640FD5363358}.Release|iPhone.Build.0 = Release|Any CPU
		{B02656AE-C976-4F33-B64A-640FD5363358}.Release|iPhoneSimulator.ActiveCfg = Release|Any CPU
		{B02656AE-C976-4F33-B64A-640FD5363358}.Release|iPhoneSimulator.Build.0 = Release|Any CPU
		{B02656AE-C976-4F33-B64A-640FD5363358}.Release|x64.ActiveCfg = Release|Any CPU
		{B02656AE-C976-4F33-B64A-640FD5363358}.Release|x64.Build.0 = Release|Any CPU
		{B02656AE-C976-4F33-B64A-640FD5363358}.Release|x86.ActiveCfg = Release|Any CPU
		{B02656AE-C976-4F33-B64A-640FD5363358}.Release|x86.Build.0 = Release|Any CPU
		{AAA55C49-7187-4238-A625-7DF673ED3B4A}.Ad-Hoc|Any CPU.ActiveCfg = Release|Any CPU
		{AAA55C49-7187-4238-A625-7DF673ED3B4A}.Ad-Hoc|Any CPU.Build.0 = Release|Any CPU
		{AAA55C49-7187-4238-A625-7DF673ED3B4A}.Ad-Hoc|ARM.ActiveCfg = Release|Any CPU
		{AAA55C49-7187-4238-A625-7DF673ED3B4A}.Ad-Hoc|ARM.Build.0 = Release|Any CPU
		{AAA55C49-7187-4238-A625-7DF673ED3B4A}.Ad-Hoc|iPhone.ActiveCfg = Release|Any CPU
		{AAA55C49-7187-4238-A625-7DF673ED3B4A}.Ad-Hoc|iPhone.Build.0 = Release|Any CPU
		{AAA55C49-7187-4238-A625-7DF673ED3B4A}.Ad-Hoc|iPhoneSimulator.ActiveCfg = Release|Any CPU
		{AAA55C49-7187-4238-A625-7DF673ED3B4A}.Ad-Hoc|iPhoneSimulator.Build.0 = Release|Any CPU
		{AAA55C49-7187-4238-A625-7DF673ED3B4A}.Ad-Hoc|x64.ActiveCfg = Release|Any CPU
		{AAA55C49-7187-4238-A625-7DF673ED3B4A}.Ad-Hoc|x64.Build.0 = Release|Any CPU
		{AAA55C49-7187-4238-A625-7DF673ED3B4A}.Ad-Hoc|x86.ActiveCfg = Release|Any CPU
		{AAA55C49-7187-4238-A625-7DF673ED3B4A}.Ad-Hoc|x86.Build.0 = Release|Any CPU
		{AAA55C49-7187-4238-A625-7DF673ED3B4A}.AppStore|Any CPU.ActiveCfg = Release|Any CPU
		{AAA55C49-7187-4238-A625-7DF673ED3B4A}.AppStore|Any CPU.Build.0 = Release|Any CPU
		{AAA55C49-7187-4238-A625-7DF673ED3B4A}.AppStore|ARM.ActiveCfg = Release|Any CPU
		{AAA55C49-7187-4238-A625-7DF673ED3B4A}.AppStore|ARM.Build.0 = Release|Any CPU
		{AAA55C49-7187-4238-A625-7DF673ED3B4A}.AppStore|iPhone.ActiveCfg = Release|Any CPU
		{AAA55C49-7187-4238-A625-7DF673ED3B4A}.AppStore|iPhone.Build.0 = Release|Any CPU
		{AAA55C49-7187-4238-A625-7DF673ED3B4A}.AppStore|iPhoneSimulator.ActiveCfg = Release|Any CPU
		{AAA55C49-7187-4238-A625-7DF673ED3B4A}.AppStore|iPhoneSimulator.Build.0 = Release|Any CPU
		{AAA55C49-7187-4238-A625-7DF673ED3B4A}.AppStore|x64.ActiveCfg = Release|Any CPU
		{AAA55C49-7187-4238-A625-7DF673ED3B4A}.AppStore|x64.Build.0 = Release|Any CPU
		{AAA55C49-7187-4238-A625-7DF673ED3B4A}.AppStore|x86.ActiveCfg = Release|Any CPU
		{AAA55C49-7187-4238-A625-7DF673ED3B4A}.AppStore|x86.Build.0 = Release|Any CPU
		{AAA55C49-7187-4238-A625-7DF673ED3B4A}.Debug|Any CPU.ActiveCfg = Debug|Any CPU
		{AAA55C49-7187-4238-A625-7DF673ED3B4A}.Debug|Any CPU.Build.0 = Debug|Any CPU
		{AAA55C49-7187-4238-A625-7DF673ED3B4A}.Debug|ARM.ActiveCfg = Debug|Any CPU
		{AAA55C49-7187-4238-A625-7DF673ED3B4A}.Debug|ARM.Build.0 = Debug|Any CPU
		{AAA55C49-7187-4238-A625-7DF673ED3B4A}.Debug|iPhone.ActiveCfg = Debug|Any CPU
		{AAA55C49-7187-4238-A625-7DF673ED3B4A}.Debug|iPhone.Build.0 = Debug|Any CPU
		{AAA55C49-7187-4238-A625-7DF673ED3B4A}.Debug|iPhoneSimulator.ActiveCfg = Debug|Any CPU
		{AAA55C49-7187-4238-A625-7DF673ED3B4A}.Debug|iPhoneSimulator.Build.0 = Debug|Any CPU
		{AAA55C49-7187-4238-A625-7DF673ED3B4A}.Debug|x64.ActiveCfg = Debug|Any CPU
		{AAA55C49-7187-4238-A625-7DF673ED3B4A}.Debug|x64.Build.0 = Debug|Any CPU
		{AAA55C49-7187-4238-A625-7DF673ED3B4A}.Debug|x86.ActiveCfg = Debug|Any CPU
		{AAA55C49-7187-4238-A625-7DF673ED3B4A}.Debug|x86.Build.0 = Debug|Any CPU
		{AAA55C49-7187-4238-A625-7DF673ED3B4A}.Release|Any CPU.ActiveCfg = Release|Any CPU
		{AAA55C49-7187-4238-A625-7DF673ED3B4A}.Release|Any CPU.Build.0 = Release|Any CPU
		{AAA55C49-7187-4238-A625-7DF673ED3B4A}.Release|ARM.ActiveCfg = Release|Any CPU
		{AAA55C49-7187-4238-A625-7DF673ED3B4A}.Release|ARM.Build.0 = Release|Any CPU
		{AAA55C49-7187-4238-A625-7DF673ED3B4A}.Release|iPhone.ActiveCfg = Release|Any CPU
		{AAA55C49-7187-4238-A625-7DF673ED3B4A}.Release|iPhone.Build.0 = Release|Any CPU
		{AAA55C49-7187-4238-A625-7DF673ED3B4A}.Release|iPhoneSimulator.ActiveCfg = Release|Any CPU
		{AAA55C49-7187-4238-A625-7DF673ED3B4A}.Release|iPhoneSimulator.Build.0 = Release|Any CPU
		{AAA55C49-7187-4238-A625-7DF673ED3B4A}.Release|x64.ActiveCfg = Release|Any CPU
		{AAA55C49-7187-4238-A625-7DF673ED3B4A}.Release|x64.Build.0 = Release|Any CPU
		{AAA55C49-7187-4238-A625-7DF673ED3B4A}.Release|x86.ActiveCfg = Release|Any CPU
		{AAA55C49-7187-4238-A625-7DF673ED3B4A}.Release|x86.Build.0 = Release|Any CPU
		{3D62E90D-5AB8-4CB5-A6EC-88EF7B81784F}.Ad-Hoc|Any CPU.ActiveCfg = Release|x64
		{3D62E90D-5AB8-4CB5-A6EC-88EF7B81784F}.Ad-Hoc|Any CPU.Build.0 = Release|x64
		{3D62E90D-5AB8-4CB5-A6EC-88EF7B81784F}.Ad-Hoc|Any CPU.Deploy.0 = Release|x64
		{3D62E90D-5AB8-4CB5-A6EC-88EF7B81784F}.Ad-Hoc|ARM.ActiveCfg = Release|ARM
		{3D62E90D-5AB8-4CB5-A6EC-88EF7B81784F}.Ad-Hoc|ARM.Build.0 = Release|ARM
		{3D62E90D-5AB8-4CB5-A6EC-88EF7B81784F}.Ad-Hoc|ARM.Deploy.0 = Release|ARM
		{3D62E90D-5AB8-4CB5-A6EC-88EF7B81784F}.Ad-Hoc|ARM64.ActiveCfg = Release|ARM64
		{3D62E90D-5AB8-4CB5-A6EC-88EF7B81784F}.Ad-Hoc|ARM64.Build.0 = Release|ARM64
		{3D62E90D-5AB8-4CB5-A6EC-88EF7B81784F}.Ad-Hoc|ARM64.Deploy.0 = Release|ARM64
		{3D62E90D-5AB8-4CB5-A6EC-88EF7B81784F}.Ad-Hoc|iPhone.ActiveCfg = Release|x64
		{3D62E90D-5AB8-4CB5-A6EC-88EF7B81784F}.Ad-Hoc|iPhone.Build.0 = Release|x64
		{3D62E90D-5AB8-4CB5-A6EC-88EF7B81784F}.Ad-Hoc|iPhone.Deploy.0 = Release|x64
		{3D62E90D-5AB8-4CB5-A6EC-88EF7B81784F}.Ad-Hoc|iPhoneSimulator.ActiveCfg = Release|x64
		{3D62E90D-5AB8-4CB5-A6EC-88EF7B81784F}.Ad-Hoc|iPhoneSimulator.Build.0 = Release|x64
		{3D62E90D-5AB8-4CB5-A6EC-88EF7B81784F}.Ad-Hoc|iPhoneSimulator.Deploy.0 = Release|x64
		{3D62E90D-5AB8-4CB5-A6EC-88EF7B81784F}.Ad-Hoc|x64.ActiveCfg = Release|x64
		{3D62E90D-5AB8-4CB5-A6EC-88EF7B81784F}.Ad-Hoc|x64.Build.0 = Release|x64
		{3D62E90D-5AB8-4CB5-A6EC-88EF7B81784F}.Ad-Hoc|x64.Deploy.0 = Release|x64
		{3D62E90D-5AB8-4CB5-A6EC-88EF7B81784F}.Ad-Hoc|x86.ActiveCfg = Release|x86
		{3D62E90D-5AB8-4CB5-A6EC-88EF7B81784F}.Ad-Hoc|x86.Build.0 = Release|x86
		{3D62E90D-5AB8-4CB5-A6EC-88EF7B81784F}.Ad-Hoc|x86.Deploy.0 = Release|x86
		{3D62E90D-5AB8-4CB5-A6EC-88EF7B81784F}.AppStore|Any CPU.ActiveCfg = Release|x64
		{3D62E90D-5AB8-4CB5-A6EC-88EF7B81784F}.AppStore|Any CPU.Build.0 = Release|x64
		{3D62E90D-5AB8-4CB5-A6EC-88EF7B81784F}.AppStore|Any CPU.Deploy.0 = Release|x64
		{3D62E90D-5AB8-4CB5-A6EC-88EF7B81784F}.AppStore|ARM.ActiveCfg = Release|ARM
		{3D62E90D-5AB8-4CB5-A6EC-88EF7B81784F}.AppStore|ARM.Build.0 = Release|ARM
		{3D62E90D-5AB8-4CB5-A6EC-88EF7B81784F}.AppStore|ARM.Deploy.0 = Release|ARM
		{3D62E90D-5AB8-4CB5-A6EC-88EF7B81784F}.AppStore|ARM64.ActiveCfg = Release|ARM64
		{3D62E90D-5AB8-4CB5-A6EC-88EF7B81784F}.AppStore|ARM64.Build.0 = Release|ARM64
		{3D62E90D-5AB8-4CB5-A6EC-88EF7B81784F}.AppStore|ARM64.Deploy.0 = Release|ARM64
		{3D62E90D-5AB8-4CB5-A6EC-88EF7B81784F}.AppStore|iPhone.ActiveCfg = Release|x64
		{3D62E90D-5AB8-4CB5-A6EC-88EF7B81784F}.AppStore|iPhone.Build.0 = Release|x64
		{3D62E90D-5AB8-4CB5-A6EC-88EF7B81784F}.AppStore|iPhone.Deploy.0 = Release|x64
		{3D62E90D-5AB8-4CB5-A6EC-88EF7B81784F}.AppStore|iPhoneSimulator.ActiveCfg = Release|x64
		{3D62E90D-5AB8-4CB5-A6EC-88EF7B81784F}.AppStore|iPhoneSimulator.Build.0 = Release|x64
		{3D62E90D-5AB8-4CB5-A6EC-88EF7B81784F}.AppStore|iPhoneSimulator.Deploy.0 = Release|x64
		{3D62E90D-5AB8-4CB5-A6EC-88EF7B81784F}.AppStore|x64.ActiveCfg = Release|x64
		{3D62E90D-5AB8-4CB5-A6EC-88EF7B81784F}.AppStore|x64.Build.0 = Release|x64
		{3D62E90D-5AB8-4CB5-A6EC-88EF7B81784F}.AppStore|x64.Deploy.0 = Release|x64
		{3D62E90D-5AB8-4CB5-A6EC-88EF7B81784F}.AppStore|x86.ActiveCfg = Release|x86
		{3D62E90D-5AB8-4CB5-A6EC-88EF7B81784F}.AppStore|x86.Build.0 = Release|x86
		{3D62E90D-5AB8-4CB5-A6EC-88EF7B81784F}.AppStore|x86.Deploy.0 = Release|x86
		{3D62E90D-5AB8-4CB5-A6EC-88EF7B81784F}.Debug|Any CPU.ActiveCfg = Debug|x86
		{3D62E90D-5AB8-4CB5-A6EC-88EF7B81784F}.Debug|ARM.ActiveCfg = Debug|ARM
		{3D62E90D-5AB8-4CB5-A6EC-88EF7B81784F}.Debug|ARM.Build.0 = Debug|ARM
		{3D62E90D-5AB8-4CB5-A6EC-88EF7B81784F}.Debug|ARM.Deploy.0 = Debug|ARM
		{3D62E90D-5AB8-4CB5-A6EC-88EF7B81784F}.Debug|ARM64.ActiveCfg = Debug|ARM64
		{3D62E90D-5AB8-4CB5-A6EC-88EF7B81784F}.Debug|ARM64.Build.0 = Debug|ARM64
		{3D62E90D-5AB8-4CB5-A6EC-88EF7B81784F}.Debug|ARM64.Deploy.0 = Debug|ARM64
		{3D62E90D-5AB8-4CB5-A6EC-88EF7B81784F}.Debug|iPhone.ActiveCfg = Debug|x86
		{3D62E90D-5AB8-4CB5-A6EC-88EF7B81784F}.Debug|iPhoneSimulator.ActiveCfg = Debug|x86
		{3D62E90D-5AB8-4CB5-A6EC-88EF7B81784F}.Debug|x64.ActiveCfg = Debug|x64
		{3D62E90D-5AB8-4CB5-A6EC-88EF7B81784F}.Debug|x64.Build.0 = Debug|x64
		{3D62E90D-5AB8-4CB5-A6EC-88EF7B81784F}.Debug|x64.Deploy.0 = Debug|x64
		{3D62E90D-5AB8-4CB5-A6EC-88EF7B81784F}.Debug|x86.ActiveCfg = Debug|x86
		{3D62E90D-5AB8-4CB5-A6EC-88EF7B81784F}.Debug|x86.Build.0 = Debug|x86
		{3D62E90D-5AB8-4CB5-A6EC-88EF7B81784F}.Debug|x86.Deploy.0 = Debug|x86
		{3D62E90D-5AB8-4CB5-A6EC-88EF7B81784F}.Release|Any CPU.ActiveCfg = Release|x86
		{3D62E90D-5AB8-4CB5-A6EC-88EF7B81784F}.Release|ARM.ActiveCfg = Release|ARM
		{3D62E90D-5AB8-4CB5-A6EC-88EF7B81784F}.Release|ARM.Build.0 = Release|ARM
		{3D62E90D-5AB8-4CB5-A6EC-88EF7B81784F}.Release|ARM.Deploy.0 = Release|ARM
		{3D62E90D-5AB8-4CB5-A6EC-88EF7B81784F}.Release|ARM64.ActiveCfg = Release|ARM64
		{3D62E90D-5AB8-4CB5-A6EC-88EF7B81784F}.Release|ARM64.Build.0 = Release|ARM64
		{3D62E90D-5AB8-4CB5-A6EC-88EF7B81784F}.Release|ARM64.Deploy.0 = Release|ARM64
		{3D62E90D-5AB8-4CB5-A6EC-88EF7B81784F}.Release|iPhone.ActiveCfg = Release|x86
		{3D62E90D-5AB8-4CB5-A6EC-88EF7B81784F}.Release|iPhoneSimulator.ActiveCfg = Release|x86
		{3D62E90D-5AB8-4CB5-A6EC-88EF7B81784F}.Release|x64.ActiveCfg = Release|x64
		{3D62E90D-5AB8-4CB5-A6EC-88EF7B81784F}.Release|x64.Build.0 = Release|x64
		{3D62E90D-5AB8-4CB5-A6EC-88EF7B81784F}.Release|x64.Deploy.0 = Release|x64
		{3D62E90D-5AB8-4CB5-A6EC-88EF7B81784F}.Release|x86.ActiveCfg = Release|x86
		{3D62E90D-5AB8-4CB5-A6EC-88EF7B81784F}.Release|x86.Build.0 = Release|x86
		{3D62E90D-5AB8-4CB5-A6EC-88EF7B81784F}.Release|x86.Deploy.0 = Release|x86
	EndGlobalSection
	GlobalSection(SolutionProperties) = preSolution
		HideSolutionNode = FALSE
	EndGlobalSection
	GlobalSection(ExtensibilityGlobals) = postSolution
		SolutionGuid = {F6D05029-56B8-4E45-AF2D-0E76295DDBA2}
	EndGlobalSection
EndGlobal
